
Microsoft Visual Studio Solution File, Format Version 12.00
# Visual Studio Version 17
VisualStudioVersion = 17.9.34723.18
MinimumVisualStudioVersion = 10.0.40219.1
Project("{FAE04EC0-301F-11D3-BF4B-00C04F79EFBC}") = "BookStoreApi", "BookStoreApi\BookStoreApi.csproj", "{DF17E161-4421-4D5C-B0E6-08C3B716DAF2}"
EndProject
Global
	GlobalSection(SolutionConfigurationPlatforms) = preSolution
		Debug|Any CPU = Debug|Any CPU
		Release|Any CPU = Release|Any CPU
	EndGlobalSection
	GlobalSection(ProjectConfigurationPlatforms) = postSolution
		{DF17E161-4421-4D5C-B0E6-08C3B716DAF2}.Debug|Any CPU.ActiveCfg = Debug|Any CPU
		{DF17E161-4421-4D5C-B0E6-08C3B716DAF2}.Debug|Any CPU.Build.0 = Debug|Any CPU
		{DF17E161-4421-4D5C-B0E6-08C3B716DAF2}.Release|Any CPU.ActiveCfg = Release|Any CPU
		{DF17E161-4421-4D5C-B0E6-08C3B716DAF2}.Release|Any CPU.Build.0 = Release|Any CPU
	EndGlobalSection
	GlobalSection(SolutionProperties) = preSolution
		HideSolutionNode = FALSE
	EndGlobalSection
	GlobalSection(ExtensibilityGlobals) = postSolution
		SolutionGuid = {E5A5C7FF-B78F-41A7-885F-5CB482F496ED}
	EndGlobalSection
EndGlobal
